
Microsoft Visual Studio Solution File, Format Version 12.00
# Visual Studio 15
VisualStudioVersion = 15.0.27428.2002
MinimumVisualStudioVersion = 10.0.40219.1
Project("{9A19103F-16F7-4668-BE54-9A1E7A4F7556}") = "OWASP", "OWASP\OWASP.csproj", "{FFF95AF8-BCF8-4445-8B5B-E9DFEA8F1C16}"
EndProject
Project("{FAE04EC0-301F-11D3-BF4B-00C04F79EFBC}") = "OWASP.DAL", "OWASP.DAL\OWASP.DAL.csproj", "{1205FB09-AE42-406E-A127-90003A294D23}"
EndProject
Project("{FAE04EC0-301F-11D3-BF4B-00C04F79EFBC}") = "OWASP.Auth", "OWASP.Auth\OWASP.Auth.csproj", "{B93EDE55-EA83-4700-BFD2-BDEFC877FC77}"
EndProject
Global
	GlobalSection(SolutionConfigurationPlatforms) = preSolution
		Debug|Any CPU = Debug|Any CPU
		Release|Any CPU = Release|Any CPU
	EndGlobalSection
	GlobalSection(ProjectConfigurationPlatforms) = postSolution
		{FFF95AF8-BCF8-4445-8B5B-E9DFEA8F1C16}.Debug|Any CPU.ActiveCfg = Debug|Any CPU
		{FFF95AF8-BCF8-4445-8B5B-E9DFEA8F1C16}.Debug|Any CPU.Build.0 = Debug|Any CPU
		{FFF95AF8-BCF8-4445-8B5B-E9DFEA8F1C16}.Release|Any CPU.ActiveCfg = Release|Any CPU
		{FFF95AF8-BCF8-4445-8B5B-E9DFEA8F1C16}.Release|Any CPU.Build.0 = Release|Any CPU
		{1205FB09-AE42-406E-A127-90003A294D23}.Debug|Any CPU.ActiveCfg = Debug|Any CPU
		{1205FB09-AE42-406E-A127-90003A294D23}.Debug|Any CPU.Build.0 = Debug|Any CPU
		{1205FB09-AE42-406E-A127-90003A294D23}.Release|Any CPU.ActiveCfg = Release|Any CPU
		{1205FB09-AE42-406E-A127-90003A294D23}.Release|Any CPU.Build.0 = Release|Any CPU
		{B93EDE55-EA83-4700-BFD2-BDEFC877FC77}.Debug|Any CPU.ActiveCfg = Debug|Any CPU
		{B93EDE55-EA83-4700-BFD2-BDEFC877FC77}.Debug|Any CPU.Build.0 = Debug|Any CPU
		{B93EDE55-EA83-4700-BFD2-BDEFC877FC77}.Release|Any CPU.ActiveCfg = Release|Any CPU
		{B93EDE55-EA83-4700-BFD2-BDEFC877FC77}.Release|Any CPU.Build.0 = Release|Any CPU
	EndGlobalSection
	GlobalSection(SolutionProperties) = preSolution
		HideSolutionNode = FALSE
	EndGlobalSection
	GlobalSection(ExtensibilityGlobals) = postSolution
		SolutionGuid = {FE4C5BB4-6AB1-455C-BE5D-BF70D0E924AB}
	EndGlobalSection
EndGlobal
